// !$*UTF8*$!
{
	archiveVersion = 1;
	classes = {
	};
	objectVersion = 56;
	objects = {

/* Begin PBXBuildFile section */
		723F6A872ADD698900FD057F /* GoogleService-Info.plist in Resources */ = {isa = PBXBuildFile; fileRef = 723F6A862ADD698900FD057F /* GoogleService-Info.plist */; };
		723F6A8A2ADD6B5F00FD057F /* FirebaseAnalytics in Frameworks */ = {isa = PBXBuildFile; productRef = 723F6A892ADD6B5F00FD057F /* FirebaseAnalytics */; };
		723F6A8C2ADD6B5F00FD057F /* FirebaseAnalyticsOnDeviceConversion in Frameworks */ = {isa = PBXBuildFile; productRef = 723F6A8B2ADD6B5F00FD057F /* FirebaseAnalyticsOnDeviceConversion */; };
		723F6A8E2ADD6B5F00FD057F /* FirebaseAnalyticsSwift in Frameworks */ = {isa = PBXBuildFile; productRef = 723F6A8D2ADD6B5F00FD057F /* FirebaseAnalyticsSwift */; };
		723F6A902ADD6B5F00FD057F /* FirebaseAnalyticsWithoutAdIdSupport in Frameworks */ = {isa = PBXBuildFile; productRef = 723F6A8F2ADD6B5F00FD057F /* FirebaseAnalyticsWithoutAdIdSupport */; };
		723F6A922ADD6B5F00FD057F /* FirebaseAppCheck in Frameworks */ = {isa = PBXBuildFile; productRef = 723F6A912ADD6B5F00FD057F /* FirebaseAppCheck */; };
		723F6A942ADD6B5F00FD057F /* FirebaseAppDistribution-Beta in Frameworks */ = {isa = PBXBuildFile; productRef = 723F6A932ADD6B5F00FD057F /* FirebaseAppDistribution-Beta */; };
		723F6A962ADD6B5F00FD057F /* FirebaseAuth in Frameworks */ = {isa = PBXBuildFile; productRef = 723F6A952ADD6B5F00FD057F /* FirebaseAuth */; };
		723F6A982ADD6B5F00FD057F /* FirebaseAuthCombine-Community in Frameworks */ = {isa = PBXBuildFile; productRef = 723F6A972ADD6B5F00FD057F /* FirebaseAuthCombine-Community */; };
		723F6A9A2ADD6B5F00FD057F /* FirebaseCrashlytics in Frameworks */ = {isa = PBXBuildFile; productRef = 723F6A992ADD6B5F00FD057F /* FirebaseCrashlytics */; };
		723F6A9C2ADD6B5F00FD057F /* FirebaseDatabase in Frameworks */ = {isa = PBXBuildFile; productRef = 723F6A9B2ADD6B5F00FD057F /* FirebaseDatabase */; };
		723F6A9E2ADD6B5F00FD057F /* FirebaseDatabaseSwift in Frameworks */ = {isa = PBXBuildFile; productRef = 723F6A9D2ADD6B5F00FD057F /* FirebaseDatabaseSwift */; };
		723F6AA02ADD6B5F00FD057F /* FirebaseDynamicLinks in Frameworks */ = {isa = PBXBuildFile; productRef = 723F6A9F2ADD6B5F00FD057F /* FirebaseDynamicLinks */; };
		723F6AA22ADD6B5F00FD057F /* FirebaseFirestore in Frameworks */ = {isa = PBXBuildFile; productRef = 723F6AA12ADD6B5F00FD057F /* FirebaseFirestore */; };
		723F6AA42ADD6B5F00FD057F /* FirebaseFirestoreCombine-Community in Frameworks */ = {isa = PBXBuildFile; productRef = 723F6AA32ADD6B5F00FD057F /* FirebaseFirestoreCombine-Community */; };
		723F6AA62ADD6B5F00FD057F /* FirebaseFirestoreSwift in Frameworks */ = {isa = PBXBuildFile; productRef = 723F6AA52ADD6B5F00FD057F /* FirebaseFirestoreSwift */; };
		723F6AA82ADD6B5F00FD057F /* FirebaseFunctions in Frameworks */ = {isa = PBXBuildFile; productRef = 723F6AA72ADD6B5F00FD057F /* FirebaseFunctions */; };
		723F6AAA2ADD6B5F00FD057F /* FirebaseFunctionsCombine-Community in Frameworks */ = {isa = PBXBuildFile; productRef = 723F6AA92ADD6B5F00FD057F /* FirebaseFunctionsCombine-Community */; };
		723F6AAC2ADD6B5F00FD057F /* FirebaseInAppMessaging-Beta in Frameworks */ = {isa = PBXBuildFile; productRef = 723F6AAB2ADD6B5F00FD057F /* FirebaseInAppMessaging-Beta */; };
		723F6AAE2ADD6B5F00FD057F /* FirebaseInAppMessagingSwift-Beta in Frameworks */ = {isa = PBXBuildFile; productRef = 723F6AAD2ADD6B5F00FD057F /* FirebaseInAppMessagingSwift-Beta */; };
		723F6AB02ADD6B5F00FD057F /* FirebaseInstallations in Frameworks */ = {isa = PBXBuildFile; productRef = 723F6AAF2ADD6B5F00FD057F /* FirebaseInstallations */; };
		723F6AB22ADD6B5F00FD057F /* FirebaseMLModelDownloader in Frameworks */ = {isa = PBXBuildFile; productRef = 723F6AB12ADD6B5F00FD057F /* FirebaseMLModelDownloader */; };
		723F6AB42ADD6B5F00FD057F /* FirebaseMessaging in Frameworks */ = {isa = PBXBuildFile; productRef = 723F6AB32ADD6B5F00FD057F /* FirebaseMessaging */; };
		723F6AB62ADD6B5F00FD057F /* FirebasePerformance in Frameworks */ = {isa = PBXBuildFile; productRef = 723F6AB52ADD6B5F00FD057F /* FirebasePerformance */; };
		723F6AB82ADD6B5F00FD057F /* FirebaseRemoteConfig in Frameworks */ = {isa = PBXBuildFile; productRef = 723F6AB72ADD6B5F00FD057F /* FirebaseRemoteConfig */; };
		723F6ABA2ADD6B5F00FD057F /* FirebaseRemoteConfigSwift in Frameworks */ = {isa = PBXBuildFile; productRef = 723F6AB92ADD6B5F00FD057F /* FirebaseRemoteConfigSwift */; };
		723F6ABC2ADD6B5F00FD057F /* FirebaseStorage in Frameworks */ = {isa = PBXBuildFile; productRef = 723F6ABB2ADD6B5F00FD057F /* FirebaseStorage */; };
		723F6ABE2ADD6B5F00FD057F /* FirebaseStorageCombine-Community in Frameworks */ = {isa = PBXBuildFile; productRef = 723F6ABD2ADD6B5F00FD057F /* FirebaseStorageCombine-Community */; };
		723F6AC22ADD71EF00FD057F /* AuthService.swift in Sources */ = {isa = PBXBuildFile; fileRef = 723F6AC12ADD71EF00FD057F /* AuthService.swift */; };
		7250D7CD2ADB645C003DBBEB /* SignUpJourneyView.swift in Sources */ = {isa = PBXBuildFile; fileRef = 7250D7CC2ADB645C003DBBEB /* SignUpJourneyView.swift */; };
		7250D7CF2ADC1E6A003DBBEB /* User.swift in Sources */ = {isa = PBXBuildFile; fileRef = 7250D7CE2ADC1E6A003DBBEB /* User.swift */; };
		7250D7D12ADC8661003DBBEB /* CurrentUserProfileView.swift in Sources */ = {isa = PBXBuildFile; fileRef = 7250D7D02ADC8661003DBBEB /* CurrentUserProfileView.swift */; };
		7250D7D32ADC9F23003DBBEB /* Post.swift in Sources */ = {isa = PBXBuildFile; fileRef = 7250D7D22ADC9F23003DBBEB /* Post.swift */; };
		7250D7D52ADCAE6E003DBBEB /* PostGridView.swift in Sources */ = {isa = PBXBuildFile; fileRef = 7250D7D42ADCAE6E003DBBEB /* PostGridView.swift */; };
		7250D7D72ADCB156003DBBEB /* ProfileHeaderView.swift in Sources */ = {isa = PBXBuildFile; fileRef = 7250D7D62ADCB156003DBBEB /* ProfileHeaderView.swift */; };
		7250D7D92ADCB554003DBBEB /* UploadPostView.swift in Sources */ = {isa = PBXBuildFile; fileRef = 7250D7D82ADCB554003DBBEB /* UploadPostView.swift */; };
		7250D7DB2ADCB9C4003DBBEB /* UploadPostViewModel.swift in Sources */ = {isa = PBXBuildFile; fileRef = 7250D7DA2ADCB9C4003DBBEB /* UploadPostViewModel.swift */; };
		727220572ADD762100C7BB45 /* ContentViewModel.swift in Sources */ = {isa = PBXBuildFile; fileRef = 727220562ADD762100C7BB45 /* ContentViewModel.swift */; };
		7272205A2ADD9C5000C7BB45 /* RegistrationViewModel.swift in Sources */ = {isa = PBXBuildFile; fileRef = 727220592ADD9C5000C7BB45 /* RegistrationViewModel.swift */; };
		7288F1892AD9BD2700DEDE8B /* InstagramAsyncApp.swift in Sources */ = {isa = PBXBuildFile; fileRef = 7288F1882AD9BD2700DEDE8B /* InstagramAsyncApp.swift */; };
		7288F18B2AD9BD2700DEDE8B /* ContentView.swift in Sources */ = {isa = PBXBuildFile; fileRef = 7288F18A2AD9BD2700DEDE8B /* ContentView.swift */; };
		7288F18D2AD9BD2900DEDE8B /* Assets.xcassets in Resources */ = {isa = PBXBuildFile; fileRef = 7288F18C2AD9BD2900DEDE8B /* Assets.xcassets */; };
		7288F1902AD9BD2900DEDE8B /* Preview Assets.xcassets in Resources */ = {isa = PBXBuildFile; fileRef = 7288F18F2AD9BD2900DEDE8B /* Preview Assets.xcassets */; };
		72E02B1C2AD9C5C6005583C1 /* MainTabView.swift in Sources */ = {isa = PBXBuildFile; fileRef = 72E02B1B2AD9C5C6005583C1 /* MainTabView.swift */; };
		72E02B1E2AD9C7FC005583C1 /* ProfileView.swift in Sources */ = {isa = PBXBuildFile; fileRef = 72E02B1D2AD9C7FC005583C1 /* ProfileView.swift */; };
		72E02B212AD9D135005583C1 /* UserStatView.swift in Sources */ = {isa = PBXBuildFile; fileRef = 72E02B202AD9D135005583C1 /* UserStatView.swift */; };
		72E02B232AD9F65B005583C1 /* FeedView.swift in Sources */ = {isa = PBXBuildFile; fileRef = 72E02B222AD9F65B005583C1 /* FeedView.swift */; };
		72E02B252AD9F66B005583C1 /* FeedCell.swift in Sources */ = {isa = PBXBuildFile; fileRef = 72E02B242AD9F66B005583C1 /* FeedCell.swift */; };
		72E02B272ADA0515005583C1 /* SearchView.swift in Sources */ = {isa = PBXBuildFile; fileRef = 72E02B262ADA0515005583C1 /* SearchView.swift */; };
		72E02B292ADA0EA1005583C1 /* LoginView.swift in Sources */ = {isa = PBXBuildFile; fileRef = 72E02B282ADA0EA1005583C1 /* LoginView.swift */; };
		72E02B2B2ADAC650005583C1 /* AddEmailView.swift in Sources */ = {isa = PBXBuildFile; fileRef = 72E02B2A2ADAC650005583C1 /* AddEmailView.swift */; };
		72E02B2D2ADACAE8005583C1 /* IGTextFieldModifier.swift in Sources */ = {isa = PBXBuildFile; fileRef = 72E02B2C2ADACAE8005583C1 /* IGTextFieldModifier.swift */; };
		72E02B2F2ADACC83005583C1 /* CreateUsernameView.swift in Sources */ = {isa = PBXBuildFile; fileRef = 72E02B2E2ADACC83005583C1 /* CreateUsernameView.swift */; };
		72E02B312ADAD238005583C1 /* CreatePasswordView.swift in Sources */ = {isa = PBXBuildFile; fileRef = 72E02B302ADAD238005583C1 /* CreatePasswordView.swift */; };
		72E02B332ADAD3B8005583C1 /* CompleteSignUpView.swift in Sources */ = {isa = PBXBuildFile; fileRef = 72E02B322ADAD3B8005583C1 /* CompleteSignUpView.swift */; };
/* End PBXBuildFile section */

/* Begin PBXFileReference section */
		723F6A862ADD698900FD057F /* GoogleService-Info.plist */ = {isa = PBXFileReference; lastKnownFileType = text.plist; path = "GoogleService-Info.plist"; sourceTree = SOURCE_ROOT; };
		723F6AC12ADD71EF00FD057F /* AuthService.swift */ = {isa = PBXFileReference; lastKnownFileType = sourcecode.swift; path = AuthService.swift; sourceTree = "<group>"; };
		7250D7CC2ADB645C003DBBEB /* SignUpJourneyView.swift */ = {isa = PBXFileReference; lastKnownFileType = sourcecode.swift; path = SignUpJourneyView.swift; sourceTree = "<group>"; };
		7250D7CE2ADC1E6A003DBBEB /* User.swift */ = {isa = PBXFileReference; lastKnownFileType = sourcecode.swift; path = User.swift; sourceTree = "<group>"; };
		7250D7D02ADC8661003DBBEB /* CurrentUserProfileView.swift */ = {isa = PBXFileReference; lastKnownFileType = sourcecode.swift; path = CurrentUserProfileView.swift; sourceTree = "<group>"; };
		7250D7D22ADC9F23003DBBEB /* Post.swift */ = {isa = PBXFileReference; lastKnownFileType = sourcecode.swift; path = Post.swift; sourceTree = "<group>"; };
		7250D7D42ADCAE6E003DBBEB /* PostGridView.swift */ = {isa = PBXFileReference; lastKnownFileType = sourcecode.swift; path = PostGridView.swift; sourceTree = "<group>"; };
		7250D7D62ADCB156003DBBEB /* ProfileHeaderView.swift */ = {isa = PBXFileReference; lastKnownFileType = sourcecode.swift; path = ProfileHeaderView.swift; sourceTree = "<group>"; };
		7250D7D82ADCB554003DBBEB /* UploadPostView.swift */ = {isa = PBXFileReference; lastKnownFileType = sourcecode.swift; path = UploadPostView.swift; sourceTree = "<group>"; };
		7250D7DA2ADCB9C4003DBBEB /* UploadPostViewModel.swift */ = {isa = PBXFileReference; lastKnownFileType = sourcecode.swift; path = UploadPostViewModel.swift; sourceTree = "<group>"; };
		727220562ADD762100C7BB45 /* ContentViewModel.swift */ = {isa = PBXFileReference; lastKnownFileType = sourcecode.swift; path = ContentViewModel.swift; sourceTree = "<group>"; };
		727220592ADD9C5000C7BB45 /* RegistrationViewModel.swift */ = {isa = PBXFileReference; lastKnownFileType = sourcecode.swift; path = RegistrationViewModel.swift; sourceTree = "<group>"; };
		7288F1852AD9BD2700DEDE8B /* InstagramAsync.app */ = {isa = PBXFileReference; explicitFileType = wrapper.application; includeInIndex = 0; path = InstagramAsync.app; sourceTree = BUILT_PRODUCTS_DIR; };
		7288F1882AD9BD2700DEDE8B /* InstagramAsyncApp.swift */ = {isa = PBXFileReference; lastKnownFileType = sourcecode.swift; path = InstagramAsyncApp.swift; sourceTree = "<group>"; };
		7288F18A2AD9BD2700DEDE8B /* ContentView.swift */ = {isa = PBXFileReference; lastKnownFileType = sourcecode.swift; path = ContentView.swift; sourceTree = "<group>"; };
		7288F18C2AD9BD2900DEDE8B /* Assets.xcassets */ = {isa = PBXFileReference; lastKnownFileType = folder.assetcatalog; path = Assets.xcassets; sourceTree = "<group>"; };
		7288F18F2AD9BD2900DEDE8B /* Preview Assets.xcassets */ = {isa = PBXFileReference; lastKnownFileType = folder.assetcatalog; path = "Preview Assets.xcassets"; sourceTree = "<group>"; };
		72E02B1B2AD9C5C6005583C1 /* MainTabView.swift */ = {isa = PBXFileReference; lastKnownFileType = sourcecode.swift; path = MainTabView.swift; sourceTree = "<group>"; };
		72E02B1D2AD9C7FC005583C1 /* ProfileView.swift */ = {isa = PBXFileReference; lastKnownFileType = sourcecode.swift; path = ProfileView.swift; sourceTree = "<group>"; };
		72E02B202AD9D135005583C1 /* UserStatView.swift */ = {isa = PBXFileReference; lastKnownFileType = sourcecode.swift; path = UserStatView.swift; sourceTree = "<group>"; };
		72E02B222AD9F65B005583C1 /* FeedView.swift */ = {isa = PBXFileReference; lastKnownFileType = sourcecode.swift; path = FeedView.swift; sourceTree = "<group>"; };
		72E02B242AD9F66B005583C1 /* FeedCell.swift */ = {isa = PBXFileReference; lastKnownFileType = sourcecode.swift; path = FeedCell.swift; sourceTree = "<group>"; };
		72E02B262ADA0515005583C1 /* SearchView.swift */ = {isa = PBXFileReference; lastKnownFileType = sourcecode.swift; path = SearchView.swift; sourceTree = "<group>"; };
		72E02B282ADA0EA1005583C1 /* LoginView.swift */ = {isa = PBXFileReference; lastKnownFileType = sourcecode.swift; path = LoginView.swift; sourceTree = "<group>"; };
		72E02B2A2ADAC650005583C1 /* AddEmailView.swift */ = {isa = PBXFileReference; lastKnownFileType = sourcecode.swift; path = AddEmailView.swift; sourceTree = "<group>"; };
		72E02B2C2ADACAE8005583C1 /* IGTextFieldModifier.swift */ = {isa = PBXFileReference; lastKnownFileType = sourcecode.swift; path = IGTextFieldModifier.swift; sourceTree = "<group>"; };
		72E02B2E2ADACC83005583C1 /* CreateUsernameView.swift */ = {isa = PBXFileReference; lastKnownFileType = sourcecode.swift; path = CreateUsernameView.swift; sourceTree = "<group>"; };
		72E02B302ADAD238005583C1 /* CreatePasswordView.swift */ = {isa = PBXFileReference; lastKnownFileType = sourcecode.swift; path = CreatePasswordView.swift; sourceTree = "<group>"; };
		72E02B322ADAD3B8005583C1 /* CompleteSignUpView.swift */ = {isa = PBXFileReference; lastKnownFileType = sourcecode.swift; path = CompleteSignUpView.swift; sourceTree = "<group>"; };
/* End PBXFileReference section */

/* Begin PBXFrameworksBuildPhase section */
		7288F1822AD9BD2700DEDE8B /* Frameworks */ = {
			isa = PBXFrameworksBuildPhase;
			buildActionMask = 2147483647;
			files = (
				723F6A9C2ADD6B5F00FD057F /* FirebaseDatabase in Frameworks */,
				723F6AAA2ADD6B5F00FD057F /* FirebaseFunctionsCombine-Community in Frameworks */,
				723F6AA22ADD6B5F00FD057F /* FirebaseFirestore in Frameworks */,
				723F6A8E2ADD6B5F00FD057F /* FirebaseAnalyticsSwift in Frameworks */,
				723F6A8A2ADD6B5F00FD057F /* FirebaseAnalytics in Frameworks */,
				723F6A8C2ADD6B5F00FD057F /* FirebaseAnalyticsOnDeviceConversion in Frameworks */,
				723F6AB22ADD6B5F00FD057F /* FirebaseMLModelDownloader in Frameworks */,
				723F6AA62ADD6B5F00FD057F /* FirebaseFirestoreSwift in Frameworks */,
				723F6A922ADD6B5F00FD057F /* FirebaseAppCheck in Frameworks */,
				723F6A902ADD6B5F00FD057F /* FirebaseAnalyticsWithoutAdIdSupport in Frameworks */,
				723F6A962ADD6B5F00FD057F /* FirebaseAuth in Frameworks */,
				723F6A9A2ADD6B5F00FD057F /* FirebaseCrashlytics in Frameworks */,
				723F6ABA2ADD6B5F00FD057F /* FirebaseRemoteConfigSwift in Frameworks */,
				723F6AAC2ADD6B5F00FD057F /* FirebaseInAppMessaging-Beta in Frameworks */,
				723F6A9E2ADD6B5F00FD057F /* FirebaseDatabaseSwift in Frameworks */,
				723F6AA82ADD6B5F00FD057F /* FirebaseFunctions in Frameworks */,
				723F6ABE2ADD6B5F00FD057F /* FirebaseStorageCombine-Community in Frameworks */,
				723F6AB82ADD6B5F00FD057F /* FirebaseRemoteConfig in Frameworks */,
				723F6A942ADD6B5F00FD057F /* FirebaseAppDistribution-Beta in Frameworks */,
				723F6A982ADD6B5F00FD057F /* FirebaseAuthCombine-Community in Frameworks */,
				723F6AB62ADD6B5F00FD057F /* FirebasePerformance in Frameworks */,
				723F6AAE2ADD6B5F00FD057F /* FirebaseInAppMessagingSwift-Beta in Frameworks */,
				723F6ABC2ADD6B5F00FD057F /* FirebaseStorage in Frameworks */,
				723F6AA02ADD6B5F00FD057F /* FirebaseDynamicLinks in Frameworks */,
				723F6AA42ADD6B5F00FD057F /* FirebaseFirestoreCombine-Community in Frameworks */,
				723F6AB42ADD6B5F00FD057F /* FirebaseMessaging in Frameworks */,
				723F6AB02ADD6B5F00FD057F /* FirebaseInstallations in Frameworks */,
			);
			runOnlyForDeploymentPostprocessing = 0;
		};
/* End PBXFrameworksBuildPhase section */

/* Begin PBXGroup section */
		723F6ABF2ADD719800FD057F /* Views */ = {
			isa = PBXGroup;
			children = (
				72E02B2A2ADAC650005583C1 /* AddEmailView.swift */,
				72E02B322ADAD3B8005583C1 /* CompleteSignUpView.swift */,
				72E02B302ADAD238005583C1 /* CreatePasswordView.swift */,
				72E02B2E2ADACC83005583C1 /* CreateUsernameView.swift */,
				72E02B282ADA0EA1005583C1 /* LoginView.swift */,
			);
			path = Views;
			sourceTree = "<group>";
		};
		723F6AC02ADD71DE00FD057F /* Services */ = {
			isa = PBXGroup;
			children = (
				723F6AC12ADD71EF00FD057F /* AuthService.swift */,
			);
			path = Services;
			sourceTree = "<group>";
		};
		727220542ADD75C500C7BB45 /* Views */ = {
			isa = PBXGroup;
			children = (
				7288F18A2AD9BD2700DEDE8B /* ContentView.swift */,
			);
			path = Views;
			sourceTree = "<group>";
		};
		727220552ADD75D300C7BB45 /* ViewModels */ = {
			isa = PBXGroup;
			children = (
				727220562ADD762100C7BB45 /* ContentViewModel.swift */,
			);
			path = ViewModels;
			sourceTree = "<group>";
		};
		727220582ADD9BDD00C7BB45 /* ViewModels */ = {
			isa = PBXGroup;
			children = (
				727220592ADD9C5000C7BB45 /* RegistrationViewModel.swift */,
			);
			path = ViewModels;
			sourceTree = "<group>";
		};
		7288F17C2AD9BD2700DEDE8B = {
			isa = PBXGroup;
			children = (
				7288F1872AD9BD2700DEDE8B /* InstagramAsync */,
				7288F1862AD9BD2700DEDE8B /* Products */,
			);
			sourceTree = "<group>";
		};
		7288F1862AD9BD2700DEDE8B /* Products */ = {
			isa = PBXGroup;
			children = (
				7288F1852AD9BD2700DEDE8B /* InstagramAsync.app */,
			);
			name = Products;
			sourceTree = "<group>";
		};
		7288F1872AD9BD2700DEDE8B /* InstagramAsync */ = {
			isa = PBXGroup;
			children = (
				723F6A862ADD698900FD057F /* GoogleService-Info.plist */,
				7288F19B2AD9C30900DEDE8B /* App */,
				7288F18C2AD9BD2900DEDE8B /* Assets.xcassets */,
				7288F19A2AD9C30700DEDE8B /* Core */,
				7288F1992AD9C30500DEDE8B /* Extensions */,
				7288F1972AD9C2FA00DEDE8B /* Models */,
				7288F18E2AD9BD2900DEDE8B /* Preview Content */,
				7288F1962AD9C2E700DEDE8B /* Services */,
			);
			path = InstagramAsync;
			sourceTree = "<group>";
		};
		7288F18E2AD9BD2900DEDE8B /* Preview Content */ = {
			isa = PBXGroup;
			children = (
				7288F18F2AD9BD2900DEDE8B /* Preview Assets.xcassets */,
			);
			path = "Preview Content";
			sourceTree = "<group>";
		};
		7288F1962AD9C2E700DEDE8B /* Services */ = {
			isa = PBXGroup;
			children = (
			);
			path = Services;
			sourceTree = "<group>";
		};
		7288F1972AD9C2FA00DEDE8B /* Models */ = {
			isa = PBXGroup;
			children = (
				7250D7CE2ADC1E6A003DBBEB /* User.swift */,
				7250D7D22ADC9F23003DBBEB /* Post.swift */,
			);
			path = Models;
			sourceTree = "<group>";
		};
		7288F1992AD9C30500DEDE8B /* Extensions */ = {
			isa = PBXGroup;
			children = (
			);
			path = Extensions;
			sourceTree = "<group>";
		};
		7288F19A2AD9C30700DEDE8B /* Core */ = {
			isa = PBXGroup;
			children = (
				7288F19C2AD9C34D00DEDE8B /* Authentication */,
				72E02B1F2AD9D10E005583C1 /* Components */,
				7288F19D2AD9C36100DEDE8B /* Feed */,
				7288F19E2AD9C36700DEDE8B /* Profile */,
				7288F19F2AD9C36F00DEDE8B /* Root */,
				7288F1A02AD9C37400DEDE8B /* Search */,
				7288F1A22AD9C38900DEDE8B /* TabBar */,
				7288F1A12AD9C38700DEDE8B /* UploadPost */,
			);
			path = Core;
			sourceTree = "<group>";
		};
		7288F19B2AD9C30900DEDE8B /* App */ = {
			isa = PBXGroup;
			children = (
				7288F1882AD9BD2700DEDE8B /* InstagramAsyncApp.swift */,
			);
			path = App;
			sourceTree = "<group>";
		};
		7288F19C2AD9C34D00DEDE8B /* Authentication */ = {
			isa = PBXGroup;
			children = (
				723F6ABF2ADD719800FD057F /* Views */,
				727220582ADD9BDD00C7BB45 /* ViewModels */,
				723F6AC02ADD71DE00FD057F /* Services */,
			);
			path = Authentication;
			sourceTree = "<group>";
		};
		7288F19D2AD9C36100DEDE8B /* Feed */ = {
			isa = PBXGroup;
			children = (
				72E02B242AD9F66B005583C1 /* FeedCell.swift */,
				72E02B222AD9F65B005583C1 /* FeedView.swift */,
			);
			path = Feed;
			sourceTree = "<group>";
		};
		7288F19E2AD9C36700DEDE8B /* Profile */ = {
			isa = PBXGroup;
			children = (
				7250D7D02ADC8661003DBBEB /* CurrentUserProfileView.swift */,
				7250D7D62ADCB156003DBBEB /* ProfileHeaderView.swift */,
				72E02B1D2AD9C7FC005583C1 /* ProfileView.swift */,
			);
			path = Profile;
			sourceTree = "<group>";
		};
		7288F19F2AD9C36F00DEDE8B /* Root */ = {
			isa = PBXGroup;
			children = (
				727220552ADD75D300C7BB45 /* ViewModels */,
				727220542ADD75C500C7BB45 /* Views */,
			);
			path = Root;
			sourceTree = "<group>";
		};
		7288F1A02AD9C37400DEDE8B /* Search */ = {
			isa = PBXGroup;
			children = (
				72E02B262ADA0515005583C1 /* SearchView.swift */,
			);
			path = Search;
			sourceTree = "<group>";
		};
		7288F1A12AD9C38700DEDE8B /* UploadPost */ = {
			isa = PBXGroup;
			children = (
				7250D7D82ADCB554003DBBEB /* UploadPostView.swift */,
				7250D7DA2ADCB9C4003DBBEB /* UploadPostViewModel.swift */,
			);
			path = UploadPost;
			sourceTree = "<group>";
		};
		7288F1A22AD9C38900DEDE8B /* TabBar */ = {
			isa = PBXGroup;
			children = (
				72E02B1B2AD9C5C6005583C1 /* MainTabView.swift */,
			);
			path = TabBar;
			sourceTree = "<group>";
		};
		72E02B1F2AD9D10E005583C1 /* Components */ = {
			isa = PBXGroup;
			children = (
				72E02B2C2ADACAE8005583C1 /* IGTextFieldModifier.swift */,
				7250D7D42ADCAE6E003DBBEB /* PostGridView.swift */,
				7250D7CC2ADB645C003DBBEB /* SignUpJourneyView.swift */,
				72E02B202AD9D135005583C1 /* UserStatView.swift */,
			);
			path = Components;
			sourceTree = "<group>";
		};
/* End PBXGroup section */

/* Begin PBXNativeTarget section */
		7288F1842AD9BD2700DEDE8B /* InstagramAsync */ = {
			isa = PBXNativeTarget;
			buildConfigurationList = 7288F1932AD9BD2900DEDE8B /* Build configuration list for PBXNativeTarget "InstagramAsync" */;
			buildPhases = (
				7288F1812AD9BD2700DEDE8B /* Sources */,
				7288F1822AD9BD2700DEDE8B /* Frameworks */,
				7288F1832AD9BD2700DEDE8B /* Resources */,
			);
			buildRules = (
			);
			dependencies = (
			);
			name = InstagramAsync;
			packageProductDependencies = (
				723F6A892ADD6B5F00FD057F /* FirebaseAnalytics */,
				723F6A8B2ADD6B5F00FD057F /* FirebaseAnalyticsOnDeviceConversion */,
				723F6A8D2ADD6B5F00FD057F /* FirebaseAnalyticsSwift */,
				723F6A8F2ADD6B5F00FD057F /* FirebaseAnalyticsWithoutAdIdSupport */,
				723F6A912ADD6B5F00FD057F /* FirebaseAppCheck */,
				723F6A932ADD6B5F00FD057F /* FirebaseAppDistribution-Beta */,
				723F6A952ADD6B5F00FD057F /* FirebaseAuth */,
				723F6A972ADD6B5F00FD057F /* FirebaseAuthCombine-Community */,
				723F6A992ADD6B5F00FD057F /* FirebaseCrashlytics */,
				723F6A9B2ADD6B5F00FD057F /* FirebaseDatabase */,
				723F6A9D2ADD6B5F00FD057F /* FirebaseDatabaseSwift */,
				723F6A9F2ADD6B5F00FD057F /* FirebaseDynamicLinks */,
				723F6AA12ADD6B5F00FD057F /* FirebaseFirestore */,
				723F6AA32ADD6B5F00FD057F /* FirebaseFirestoreCombine-Community */,
				723F6AA52ADD6B5F00FD057F /* FirebaseFirestoreSwift */,
				723F6AA72ADD6B5F00FD057F /* FirebaseFunctions */,
				723F6AA92ADD6B5F00FD057F /* FirebaseFunctionsCombine-Community */,
				723F6AAB2ADD6B5F00FD057F /* FirebaseInAppMessaging-Beta */,
				723F6AAD2ADD6B5F00FD057F /* FirebaseInAppMessagingSwift-Beta */,
				723F6AAF2ADD6B5F00FD057F /* FirebaseInstallations */,
				723F6AB12ADD6B5F00FD057F /* FirebaseMLModelDownloader */,
				723F6AB32ADD6B5F00FD057F /* FirebaseMessaging */,
				723F6AB52ADD6B5F00FD057F /* FirebasePerformance */,
				723F6AB72ADD6B5F00FD057F /* FirebaseRemoteConfig */,
				723F6AB92ADD6B5F00FD057F /* FirebaseRemoteConfigSwift */,
				723F6ABB2ADD6B5F00FD057F /* FirebaseStorage */,
				723F6ABD2ADD6B5F00FD057F /* FirebaseStorageCombine-Community */,
			);
			productName = InstagramAsync;
			productReference = 7288F1852AD9BD2700DEDE8B /* InstagramAsync.app */;
			productType = "com.apple.product-type.application";
		};
/* End PBXNativeTarget section */

/* Begin PBXProject section */
		7288F17D2AD9BD2700DEDE8B /* Project object */ = {
			isa = PBXProject;
			attributes = {
				BuildIndependentTargetsInParallel = 1;
				LastSwiftUpdateCheck = 1500;
				LastUpgradeCheck = 1500;
				TargetAttributes = {
					7288F1842AD9BD2700DEDE8B = {
						CreatedOnToolsVersion = 15.0;
					};
				};
			};
			buildConfigurationList = 7288F1802AD9BD2700DEDE8B /* Build configuration list for PBXProject "InstagramAsync" */;
			compatibilityVersion = "Xcode 14.0";
			developmentRegion = en;
			hasScannedForEncodings = 0;
			knownRegions = (
				en,
				Base,
			);
			mainGroup = 7288F17C2AD9BD2700DEDE8B;
			packageReferences = (
				723F6A882ADD6B5F00FD057F /* XCRemoteSwiftPackageReference "firebase-ios-sdk" */,
			);
			productRefGroup = 7288F1862AD9BD2700DEDE8B /* Products */;
			projectDirPath = "";
			projectRoot = "";
			targets = (
				7288F1842AD9BD2700DEDE8B /* InstagramAsync */,
			);
		};
/* End PBXProject section */

/* Begin PBXResourcesBuildPhase section */
		7288F1832AD9BD2700DEDE8B /* Resources */ = {
			isa = PBXResourcesBuildPhase;
			buildActionMask = 2147483647;
			files = (
				7288F1902AD9BD2900DEDE8B /* Preview Assets.xcassets in Resources */,
				7288F18D2AD9BD2900DEDE8B /* Assets.xcassets in Resources */,
				723F6A872ADD698900FD057F /* GoogleService-Info.plist in Resources */,
			);
			runOnlyForDeploymentPostprocessing = 0;
		};
/* End PBXResourcesBuildPhase section */

/* Begin PBXSourcesBuildPhase section */
		7288F1812AD9BD2700DEDE8B /* Sources */ = {
			isa = PBXSourcesBuildPhase;
			buildActionMask = 2147483647;
			files = (
				72E02B252AD9F66B005583C1 /* FeedCell.swift in Sources */,
				723F6AC22ADD71EF00FD057F /* AuthService.swift in Sources */,
				72E02B1E2AD9C7FC005583C1 /* ProfileView.swift in Sources */,
				7288F18B2AD9BD2700DEDE8B /* ContentView.swift in Sources */,
				72E02B292ADA0EA1005583C1 /* LoginView.swift in Sources */,
				7250D7CF2ADC1E6A003DBBEB /* User.swift in Sources */,
				7288F1892AD9BD2700DEDE8B /* InstagramAsyncApp.swift in Sources */,
				7250D7CD2ADB645C003DBBEB /* SignUpJourneyView.swift in Sources */,
				727220572ADD762100C7BB45 /* ContentViewModel.swift in Sources */,
				7250D7D72ADCB156003DBBEB /* ProfileHeaderView.swift in Sources */,
				72E02B2B2ADAC650005583C1 /* AddEmailView.swift in Sources */,
				72E02B2F2ADACC83005583C1 /* CreateUsernameView.swift in Sources */,
				72E02B332ADAD3B8005583C1 /* CompleteSignUpView.swift in Sources */,
				72E02B272ADA0515005583C1 /* SearchView.swift in Sources */,
				72E02B2D2ADACAE8005583C1 /* IGTextFieldModifier.swift in Sources */,
				7250D7DB2ADCB9C4003DBBEB /* UploadPostViewModel.swift in Sources */,
				7250D7D52ADCAE6E003DBBEB /* PostGridView.swift in Sources */,
				72E02B212AD9D135005583C1 /* UserStatView.swift in Sources */,
				72E02B232AD9F65B005583C1 /* FeedView.swift in Sources */,
				7250D7D92ADCB554003DBBEB /* UploadPostView.swift in Sources */,
				7272205A2ADD9C5000C7BB45 /* RegistrationViewModel.swift in Sources */,
				72E02B1C2AD9C5C6005583C1 /* MainTabView.swift in Sources */,
				7250D7D32ADC9F23003DBBEB /* Post.swift in Sources */,
				72E02B312ADAD238005583C1 /* CreatePasswordView.swift in Sources */,
				7250D7D12ADC8661003DBBEB /* CurrentUserProfileView.swift in Sources */,
			);
			runOnlyForDeploymentPostprocessing = 0;
		};
/* End PBXSourcesBuildPhase section */

/* Begin XCBuildConfiguration section */
		7288F1912AD9BD2900DEDE8B /* Debug */ = {
			isa = XCBuildConfiguration;
			buildSettings = {
				ALWAYS_SEARCH_USER_PATHS = NO;
				ASSETCATALOG_COMPILER_GENERATE_SWIFT_ASSET_SYMBOL_EXTENSIONS = YES;
				CLANG_ANALYZER_NONNULL = YES;
				CLANG_ANALYZER_NUMBER_OBJECT_CONVERSION = YES_AGGRESSIVE;
				CLANG_CXX_LANGUAGE_STANDARD = "gnu++20";
				CLANG_ENABLE_MODULES = YES;
				CLANG_ENABLE_OBJC_ARC = YES;
				CLANG_ENABLE_OBJC_WEAK = YES;
				CLANG_WARN_BLOCK_CAPTURE_AUTORELEASING = YES;
				CLANG_WARN_BOOL_CONVERSION = YES;
				CLANG_WARN_COMMA = YES;
				CLANG_WARN_CONSTANT_CONVERSION = YES;
				CLANG_WARN_DEPRECATED_OBJC_IMPLEMENTATIONS = YES;
				CLANG_WARN_DIRECT_OBJC_ISA_USAGE = YES_ERROR;
				CLANG_WARN_DOCUMENTATION_COMMENTS = YES;
				CLANG_WARN_EMPTY_BODY = YES;
				CLANG_WARN_ENUM_CONVERSION = YES;
				CLANG_WARN_INFINITE_RECURSION = YES;
				CLANG_WARN_INT_CONVERSION = YES;
				CLANG_WARN_NON_LITERAL_NULL_CONVERSION = YES;
				CLANG_WARN_OBJC_IMPLICIT_RETAIN_SELF = YES;
				CLANG_WARN_OBJC_LITERAL_CONVERSION = YES;
				CLANG_WARN_OBJC_ROOT_CLASS = YES_ERROR;
				CLANG_WARN_QUOTED_INCLUDE_IN_FRAMEWORK_HEADER = YES;
				CLANG_WARN_RANGE_LOOP_ANALYSIS = YES;
				CLANG_WARN_STRICT_PROTOTYPES = YES;
				CLANG_WARN_SUSPICIOUS_MOVE = YES;
				CLANG_WARN_UNGUARDED_AVAILABILITY = YES_AGGRESSIVE;
				CLANG_WARN_UNREACHABLE_CODE = YES;
				CLANG_WARN__DUPLICATE_METHOD_MATCH = YES;
				COPY_PHASE_STRIP = NO;
				DEBUG_INFORMATION_FORMAT = dwarf;
				ENABLE_STRICT_OBJC_MSGSEND = YES;
				ENABLE_TESTABILITY = YES;
				ENABLE_USER_SCRIPT_SANDBOXING = YES;
				GCC_C_LANGUAGE_STANDARD = gnu17;
				GCC_DYNAMIC_NO_PIC = NO;
				GCC_NO_COMMON_BLOCKS = YES;
				GCC_OPTIMIZATION_LEVEL = 0;
				GCC_PREPROCESSOR_DEFINITIONS = (
					"DEBUG=1",
					"$(inherited)",
				);
				GCC_WARN_64_TO_32_BIT_CONVERSION = YES;
				GCC_WARN_ABOUT_RETURN_TYPE = YES_ERROR;
				GCC_WARN_UNDECLARED_SELECTOR = YES;
				GCC_WARN_UNINITIALIZED_AUTOS = YES_AGGRESSIVE;
				GCC_WARN_UNUSED_FUNCTION = YES;
				GCC_WARN_UNUSED_VARIABLE = YES;
				IPHONEOS_DEPLOYMENT_TARGET = 17.0;
				LOCALIZATION_PREFERS_STRING_CATALOGS = YES;
				MTL_ENABLE_DEBUG_INFO = INCLUDE_SOURCE;
				MTL_FAST_MATH = YES;
				ONLY_ACTIVE_ARCH = YES;
				SDKROOT = iphoneos;
				SWIFT_ACTIVE_COMPILATION_CONDITIONS = "DEBUG $(inherited)";
				SWIFT_OPTIMIZATION_LEVEL = "-Onone";
			};
			name = Debug;
		};
		7288F1922AD9BD2900DEDE8B /* Release */ = {
			isa = XCBuildConfiguration;
			buildSettings = {
				ALWAYS_SEARCH_USER_PATHS = NO;
				ASSETCATALOG_COMPILER_GENERATE_SWIFT_ASSET_SYMBOL_EXTENSIONS = YES;
				CLANG_ANALYZER_NONNULL = YES;
				CLANG_ANALYZER_NUMBER_OBJECT_CONVERSION = YES_AGGRESSIVE;
				CLANG_CXX_LANGUAGE_STANDARD = "gnu++20";
				CLANG_ENABLE_MODULES = YES;
				CLANG_ENABLE_OBJC_ARC = YES;
				CLANG_ENABLE_OBJC_WEAK = YES;
				CLANG_WARN_BLOCK_CAPTURE_AUTORELEASING = YES;
				CLANG_WARN_BOOL_CONVERSION = YES;
				CLANG_WARN_COMMA = YES;
				CLANG_WARN_CONSTANT_CONVERSION = YES;
				CLANG_WARN_DEPRECATED_OBJC_IMPLEMENTATIONS = YES;
				CLANG_WARN_DIRECT_OBJC_ISA_USAGE = YES_ERROR;
				CLANG_WARN_DOCUMENTATION_COMMENTS = YES;
				CLANG_WARN_EMPTY_BODY = YES;
				CLANG_WARN_ENUM_CONVERSION = YES;
				CLANG_WARN_INFINITE_RECURSION = YES;
				CLANG_WARN_INT_CONVERSION = YES;
				CLANG_WARN_NON_LITERAL_NULL_CONVERSION = YES;
				CLANG_WARN_OBJC_IMPLICIT_RETAIN_SELF = YES;
				CLANG_WARN_OBJC_LITERAL_CONVERSION = YES;
				CLANG_WARN_OBJC_ROOT_CLASS = YES_ERROR;
				CLANG_WARN_QUOTED_INCLUDE_IN_FRAMEWORK_HEADER = YES;
				CLANG_WARN_RANGE_LOOP_ANALYSIS = YES;
				CLANG_WARN_STRICT_PROTOTYPES = YES;
				CLANG_WARN_SUSPICIOUS_MOVE = YES;
				CLANG_WARN_UNGUARDED_AVAILABILITY = YES_AGGRESSIVE;
				CLANG_WARN_UNREACHABLE_CODE = YES;
				CLANG_WARN__DUPLICATE_METHOD_MATCH = YES;
				COPY_PHASE_STRIP = NO;
				DEBUG_INFORMATION_FORMAT = "dwarf-with-dsym";
				ENABLE_NS_ASSERTIONS = NO;
				ENABLE_STRICT_OBJC_MSGSEND = YES;
				ENABLE_USER_SCRIPT_SANDBOXING = YES;
				GCC_C_LANGUAGE_STANDARD = gnu17;
				GCC_NO_COMMON_BLOCKS = YES;
				GCC_WARN_64_TO_32_BIT_CONVERSION = YES;
				GCC_WARN_ABOUT_RETURN_TYPE = YES_ERROR;
				GCC_WARN_UNDECLARED_SELECTOR = YES;
				GCC_WARN_UNINITIALIZED_AUTOS = YES_AGGRESSIVE;
				GCC_WARN_UNUSED_FUNCTION = YES;
				GCC_WARN_UNUSED_VARIABLE = YES;
				IPHONEOS_DEPLOYMENT_TARGET = 17.0;
				LOCALIZATION_PREFERS_STRING_CATALOGS = YES;
				MTL_ENABLE_DEBUG_INFO = NO;
				MTL_FAST_MATH = YES;
				SDKROOT = iphoneos;
				SWIFT_COMPILATION_MODE = wholemodule;
				VALIDATE_PRODUCT = YES;
			};
			name = Release;
		};
		7288F1942AD9BD2900DEDE8B /* Debug */ = {
			isa = XCBuildConfiguration;
			buildSettings = {
				ASSETCATALOG_COMPILER_APPICON_NAME = AppIcon;
				ASSETCATALOG_COMPILER_GLOBAL_ACCENT_COLOR_NAME = AccentColor;
				CODE_SIGN_STYLE = Automatic;
				CURRENT_PROJECT_VERSION = 1;
				DEVELOPMENT_ASSET_PATHS = "\"InstagramAsync/Preview Content\"";
				DEVELOPMENT_TEAM = WY9AX8R5R2;
				ENABLE_PREVIEWS = YES;
				GENERATE_INFOPLIST_FILE = YES;
				INFOPLIST_KEY_UIApplicationSceneManifest_Generation = YES;
				INFOPLIST_KEY_UIApplicationSupportsIndirectInputEvents = YES;
				INFOPLIST_KEY_UILaunchScreen_Generation = YES;
				INFOPLIST_KEY_UISupportedInterfaceOrientations_iPad = "UIInterfaceOrientationPortrait UIInterfaceOrientationPortraitUpsideDown UIInterfaceOrientationLandscapeLeft UIInterfaceOrientationLandscapeRight";
				INFOPLIST_KEY_UISupportedInterfaceOrientations_iPhone = "UIInterfaceOrientationPortrait UIInterfaceOrientationLandscapeLeft UIInterfaceOrientationLandscapeRight";
				IPHONEOS_DEPLOYMENT_TARGET = 16.6;
				LD_RUNPATH_SEARCH_PATHS = (
					"$(inherited)",
					"@executable_path/Frameworks",
				);
				MARKETING_VERSION = 1.0;
				PRODUCT_BUNDLE_IDENTIFIER = com.denisefremov.InstagramAsync;
				PRODUCT_NAME = "$(TARGET_NAME)";
				SWIFT_EMIT_LOC_STRINGS = YES;
				SWIFT_VERSION = 5.0;
				TARGETED_DEVICE_FAMILY = "1,2";
			};
			name = Debug;
		};
		7288F1952AD9BD2900DEDE8B /* Release */ = {
			isa = XCBuildConfiguration;
			buildSettings = {
				ASSETCATALOG_COMPILER_APPICON_NAME = AppIcon;
				ASSETCATALOG_COMPILER_GLOBAL_ACCENT_COLOR_NAME = AccentColor;
				CODE_SIGN_STYLE = Automatic;
				CURRENT_PROJECT_VERSION = 1;
				DEVELOPMENT_ASSET_PATHS = "\"InstagramAsync/Preview Content\"";
				DEVELOPMENT_TEAM = WY9AX8R5R2;
				ENABLE_PREVIEWS = YES;
				GENERATE_INFOPLIST_FILE = YES;
				INFOPLIST_KEY_UIApplicationSceneManifest_Generation = YES;
				INFOPLIST_KEY_UIApplicationSupportsIndirectInputEvents = YES;
				INFOPLIST_KEY_UILaunchScreen_Generation = YES;
				INFOPLIST_KEY_UISupportedInterfaceOrientations_iPad = "UIInterfaceOrientationPortrait UIInterfaceOrientationPortraitUpsideDown UIInterfaceOrientationLandscapeLeft UIInterfaceOrientationLandscapeRight";
				INFOPLIST_KEY_UISupportedInterfaceOrientations_iPhone = "UIInterfaceOrientationPortrait UIInterfaceOrientationLandscapeLeft UIInterfaceOrientationLandscapeRight";
				IPHONEOS_DEPLOYMENT_TARGET = 16.6;
				LD_RUNPATH_SEARCH_PATHS = (
					"$(inherited)",
					"@executable_path/Frameworks",
				);
				MARKETING_VERSION = 1.0;
				PRODUCT_BUNDLE_IDENTIFIER = com.denisefremov.InstagramAsync;
				PRODUCT_NAME = "$(TARGET_NAME)";
				SWIFT_EMIT_LOC_STRINGS = YES;
				SWIFT_VERSION = 5.0;
				TARGETED_DEVICE_FAMILY = "1,2";
			};
			name = Release;
		};
/* End XCBuildConfiguration section */

/* Begin XCConfigurationList section */
		7288F1802AD9BD2700DEDE8B /* Build configuration list for PBXProject "InstagramAsync" */ = {
			isa = XCConfigurationList;
			buildConfigurations = (
				7288F1912AD9BD2900DEDE8B /* Debug */,
				7288F1922AD9BD2900DEDE8B /* Release */,
			);
			defaultConfigurationIsVisible = 0;
			defaultConfigurationName = Release;
		};
		7288F1932AD9BD2900DEDE8B /* Build configuration list for PBXNativeTarget "InstagramAsync" */ = {
			isa = XCConfigurationList;
			buildConfigurations = (
				7288F1942AD9BD2900DEDE8B /* Debug */,
				7288F1952AD9BD2900DEDE8B /* Release */,
			);
			defaultConfigurationIsVisible = 0;
			defaultConfigurationName = Release;
		};
/* End XCConfigurationList section */

/* Begin XCRemoteSwiftPackageReference section */
		723F6A882ADD6B5F00FD057F /* XCRemoteSwiftPackageReference "firebase-ios-sdk" */ = {
			isa = XCRemoteSwiftPackageReference;
			repositoryURL = "https://github.com/firebase/firebase-ios-sdk";
			requirement = {
				kind = upToNextMajorVersion;
				minimumVersion = 10.16.0;
			};
		};
/* End XCRemoteSwiftPackageReference section */

/* Begin XCSwiftPackageProductDependency section */
		723F6A892ADD6B5F00FD057F /* FirebaseAnalytics */ = {
			isa = XCSwiftPackageProductDependency;
			package = 723F6A882ADD6B5F00FD057F /* XCRemoteSwiftPackageReference "firebase-ios-sdk" */;
			productName = FirebaseAnalytics;
		};
		723F6A8B2ADD6B5F00FD057F /* FirebaseAnalyticsOnDeviceConversion */ = {
			isa = XCSwiftPackageProductDependency;
			package = 723F6A882ADD6B5F00FD057F /* XCRemoteSwiftPackageReference "firebase-ios-sdk" */;
			productName = FirebaseAnalyticsOnDeviceConversion;
		};
		723F6A8D2ADD6B5F00FD057F /* FirebaseAnalyticsSwift */ = {
			isa = XCSwiftPackageProductDependency;
			package = 723F6A882ADD6B5F00FD057F /* XCRemoteSwiftPackageReference "firebase-ios-sdk" */;
			productName = FirebaseAnalyticsSwift;
		};
		723F6A8F2ADD6B5F00FD057F /* FirebaseAnalyticsWithoutAdIdSupport */ = {
			isa = XCSwiftPackageProductDependency;
			package = 723F6A882ADD6B5F00FD057F /* XCRemoteSwiftPackageReference "firebase-ios-sdk" */;
			productName = FirebaseAnalyticsWithoutAdIdSupport;
		};
		723F6A912ADD6B5F00FD057F /* FirebaseAppCheck */ = {
			isa = XCSwiftPackageProductDependency;
			package = 723F6A882ADD6B5F00FD057F /* XCRemoteSwiftPackageReference "firebase-ios-sdk" */;
			productName = FirebaseAppCheck;
		};
		723F6A932ADD6B5F00FD057F /* FirebaseAppDistribution-Beta */ = {
			isa = XCSwiftPackageProductDependency;
			package = 723F6A882ADD6B5F00FD057F /* XCRemoteSwiftPackageReference "firebase-ios-sdk" */;
			productName = "FirebaseAppDistribution-Beta";
		};
		723F6A952ADD6B5F00FD057F /* FirebaseAuth */ = {
			isa = XCSwiftPackageProductDependency;
			package = 723F6A882ADD6B5F00FD057F /* XCRemoteSwiftPackageReference "firebase-ios-sdk" */;
			productName = FirebaseAuth;
		};
		723F6A972ADD6B5F00FD057F /* FirebaseAuthCombine-Community */ = {
			isa = XCSwiftPackageProductDependency;
			package = 723F6A882ADD6B5F00FD057F /* XCRemoteSwiftPackageReference "firebase-ios-sdk" */;
			productName = "FirebaseAuthCombine-Community";
		};
		723F6A992ADD6B5F00FD057F /* FirebaseCrashlytics */ = {
			isa = XCSwiftPackageProductDependency;
			package = 723F6A882ADD6B5F00FD057F /* XCRemoteSwiftPackageReference "firebase-ios-sdk" */;
			productName = FirebaseCrashlytics;
		};
		723F6A9B2ADD6B5F00FD057F /* FirebaseDatabase */ = {
			isa = XCSwiftPackageProductDependency;
			package = 723F6A882ADD6B5F00FD057F /* XCRemoteSwiftPackageReference "firebase-ios-sdk" */;
			productName = FirebaseDatabase;
		};
		723F6A9D2ADD6B5F00FD057F /* FirebaseDatabaseSwift */ = {
			isa = XCSwiftPackageProductDependency;
			package = 723F6A882ADD6B5F00FD057F /* XCRemoteSwiftPackageReference "firebase-ios-sdk" */;
			productName = FirebaseDatabaseSwift;
		};
		723F6A9F2ADD6B5F00FD057F /* FirebaseDynamicLinks */ = {
			isa = XCSwiftPackageProductDependency;
			package = 723F6A882ADD6B5F00FD057F /* XCRemoteSwiftPackageReference "firebase-ios-sdk" */;
			productName = FirebaseDynamicLinks;
		};
		723F6AA12ADD6B5F00FD057F /* FirebaseFirestore */ = {
			isa = XCSwiftPackageProductDependency;
			package = 723F6A882ADD6B5F00FD057F /* XCRemoteSwiftPackageReference "firebase-ios-sdk" */;
			productName = FirebaseFirestore;
		};
		723F6AA32ADD6B5F00FD057F /* FirebaseFirestoreCombine-Community */ = {
			isa = XCSwiftPackageProductDependency;
			package = 723F6A882ADD6B5F00FD057F /* XCRemoteSwiftPackageReference "firebase-ios-sdk" */;
			productName = "FirebaseFirestoreCombine-Community";
		};
		723F6AA52ADD6B5F00FD057F /* FirebaseFirestoreSwift */ = {
			isa = XCSwiftPackageProductDependency;
			package = 723F6A882ADD6B5F00FD057F /* XCRemoteSwiftPackageReference "firebase-ios-sdk" */;
			productName = FirebaseFirestoreSwift;
		};
		723F6AA72ADD6B5F00FD057F /* FirebaseFunctions */ = {
			isa = XCSwiftPackageProductDependency;
			package = 723F6A882ADD6B5F00FD057F /* XCRemoteSwiftPackageReference "firebase-ios-sdk" */;
			productName = FirebaseFunctions;
		};
		723F6AA92ADD6B5F00FD057F /* FirebaseFunctionsCombine-Community */ = {
			isa = XCSwiftPackageProductDependency;
			package = 723F6A882ADD6B5F00FD057F /* XCRemoteSwiftPackageReference "firebase-ios-sdk" */;
			productName = "FirebaseFunctionsCombine-Community";
		};
		723F6AAB2ADD6B5F00FD057F /* FirebaseInAppMessaging-Beta */ = {
			isa = XCSwiftPackageProductDependency;
			package = 723F6A882ADD6B5F00FD057F /* XCRemoteSwiftPackageReference "firebase-ios-sdk" */;
			productName = "FirebaseInAppMessaging-Beta";
		};
		723F6AAD2ADD6B5F00FD057F /* FirebaseInAppMessagingSwift-Beta */ = {
			isa = XCSwiftPackageProductDependency;
			package = 723F6A882ADD6B5F00FD057F /* XCRemoteSwiftPackageReference "firebase-ios-sdk" */;
			productName = "FirebaseInAppMessagingSwift-Beta";
		};
		723F6AAF2ADD6B5F00FD057F /* FirebaseInstallations */ = {
			isa = XCSwiftPackageProductDependency;
			package = 723F6A882ADD6B5F00FD057F /* XCRemoteSwiftPackageReference "firebase-ios-sdk" */;
			productName = FirebaseInstallations;
		};
		723F6AB12ADD6B5F00FD057F /* FirebaseMLModelDownloader */ = {
			isa = XCSwiftPackageProductDependency;
			package = 723F6A882ADD6B5F00FD057F /* XCRemoteSwiftPackageReference "firebase-ios-sdk" */;
			productName = FirebaseMLModelDownloader;
		};
		723F6AB32ADD6B5F00FD057F /* FirebaseMessaging */ = {
			isa = XCSwiftPackageProductDependency;
			package = 723F6A882ADD6B5F00FD057F /* XCRemoteSwiftPackageReference "firebase-ios-sdk" */;
			productName = FirebaseMessaging;
		};
		723F6AB52ADD6B5F00FD057F /* FirebasePerformance */ = {
			isa = XCSwiftPackageProductDependency;
			package = 723F6A882ADD6B5F00FD057F /* XCRemoteSwiftPackageReference "firebase-ios-sdk" */;
			productName = FirebasePerformance;
		};
		723F6AB72ADD6B5F00FD057F /* FirebaseRemoteConfig */ = {
			isa = XCSwiftPackageProductDependency;
			package = 723F6A882ADD6B5F00FD057F /* XCRemoteSwiftPackageReference "firebase-ios-sdk" */;
			productName = FirebaseRemoteConfig;
		};
		723F6AB92ADD6B5F00FD057F /* FirebaseRemoteConfigSwift */ = {
			isa = XCSwiftPackageProductDependency;
			package = 723F6A882ADD6B5F00FD057F /* XCRemoteSwiftPackageReference "firebase-ios-sdk" */;
			productName = FirebaseRemoteConfigSwift;
		};
		723F6ABB2ADD6B5F00FD057F /* FirebaseStorage */ = {
			isa = XCSwiftPackageProductDependency;
			package = 723F6A882ADD6B5F00FD057F /* XCRemoteSwiftPackageReference "firebase-ios-sdk" */;
			productName = FirebaseStorage;
		};
		723F6ABD2ADD6B5F00FD057F /* FirebaseStorageCombine-Community */ = {
			isa = XCSwiftPackageProductDependency;
			package = 723F6A882ADD6B5F00FD057F /* XCRemoteSwiftPackageReference "firebase-ios-sdk" */;
			productName = "FirebaseStorageCombine-Community";
		};
/* End XCSwiftPackageProductDependency section */
	};
	rootObject = 7288F17D2AD9BD2700DEDE8B /* Project object */;
}
